
Microsoft Visual Studio Solution File, Format Version 12.00
# Visual Studio Version 16
VisualStudioVersion = 16.0.32929.386
MinimumVisualStudioVersion = 10.0.40219.1
Project("{FAE04EC0-301F-11D3-BF4B-00C04F79EFBC}") = "Ghost Launcher", "Ghost Launcher\Ghost Launcher.csproj", "{276AB920-330E-47C1-9565-3BE37F2A73F6}"
EndProject
Global
	GlobalSection(SolutionConfigurationPlatforms) = preSolution
		Debug|Any CPU = Debug|Any CPU
		Release|Any CPU = Release|Any CPU
	EndGlobalSection
	GlobalSection(ProjectConfigurationPlatforms) = postSolution
		{276AB920-330E-47C1-9565-3BE37F2A73F6}.Debug|Any CPU.ActiveCfg = Debug|Any CPU
		{276AB920-330E-47C1-9565-3BE37F2A73F6}.Debug|Any CPU.Build.0 = Debug|Any CPU
		{276AB920-330E-47C1-9565-3BE37F2A73F6}.Release|Any CPU.ActiveCfg = Release|Any CPU
		{276AB920-330E-47C1-9565-3BE37F2A73F6}.Release|Any CPU.Build.0 = Release|Any CPU
	EndGlobalSection
	GlobalSection(SolutionProperties) = preSolution
		HideSolutionNode = FALSE
	EndGlobalSection
	GlobalSection(ExtensibilityGlobals) = postSolution
		SolutionGuid = {9F50235C-AEC2-4AB3-8ECF-FF1A4926C0D6}
	EndGlobalSection
EndGlobal
